{
  "version": 4,
  "terraform_version": "1.2.2",
  "serial": 6,
  "lineage": "6e5a1050-afbc-6aac-9d13-d7f69a2e08e8",
  "outputs": {},
  "resources": [
    {
      "mode": "managed",
      "type": "aws_redshift_cluster",
      "name": "example",
      "provider": "provider[\"registry.terraform.io/hashicorp/aws\"]",
      "instances": [
        {
          "schema_version": 0,
          "attributes": {
            "allow_version_upgrade": true,
            "arn": "arn:aws:redshift:us-west-2:142199465016:cluster:experimental-redshift-cluster",
            "automated_snapshot_retention_period": 1,
            "availability_zone": "us-west-2d",
            "cluster_identifier": "experimental-redshift-cluster",
            "cluster_nodes": [
              {
                "node_role": "SHARED",
                "private_ip_address": "172.31.59.8",
                "public_ip_address": "100.21.55.5"
              }
            ],
            "cluster_parameter_group_name": "default.redshift-1.0",
            "cluster_public_key": "ssh-rsa AAAAB3NzaC1yc2EAAAADAQABAAABAQCpWsFZIqkGtWzCItHroK/eoNKyWR6crCqA0Gi7j7r3Fp3FscEfED6UD46/PCou+UZkWUd0yE84eay+D8WsP5JjH+awhdP9OrIC19FEF79mQWwcBzyDkaUinzndEdA5NdlhB6SrCl3ymBamolWE9SxkS+JtN4/mrYEMeN5J9W28V2JAistlNcCgSGYd/6qhBHFj/pw09S2ULeacwfNRzCa7kGTlcfI5cwOdAXWmjbYZW3Jf9HOBfJjpzmmmjT+Qp7Pq/UViE+vLQ0RKSAhpM71TEEgV2K/68RbwSQt/rHCNyE7fS05gmdv5GzAYXwFHeYoS6pXRKsI8oEHj1xsbIN9J Amazon-Redshift\n",
            "cluster_revision_number": "38698",
            "cluster_security_groups": [],
            "cluster_subnet_group_name": "default",
            "cluster_type": "single-node",
            "cluster_version": "1.0",
            "database_name": "experimentaldb",
            "dns_name": "experimental-redshift-cluster.cgqjr7cyaxvt.us-west-2.redshift.amazonaws.com",
            "elastic_ip": null,
            "encrypted": false,
            "endpoint": "experimental-redshift-cluster.cgqjr7cyaxvt.us-west-2.redshift.amazonaws.com:5439",
            "enhanced_vpc_routing": false,
            "final_snapshot_identifier": null,
            "iam_roles": [],
            "id": "experimental-redshift-cluster",
            "kms_key_id": "",
            "logging": [
              {
                "bucket_name": "",
                "enable": false,
                "s3_key_prefix": ""
              }
            ],
            "master_password": "ExperimentalNotSoSecure1234Password",
            "master_username": "experimentaluser",
            "node_type": "dc2.large",
            "number_of_nodes": 1,
            "owner_account": null,
            "port": 5439,
            "preferred_maintenance_window": "thu:06:30-thu:07:00",
            "publicly_accessible": true,
            "skip_final_snapshot": false,
            "snapshot_cluster_identifier": null,
            "snapshot_copy": [],
            "snapshot_identifier": null,
            "tags": {},
            "tags_all": {},
            "timeouts": null,
            "vpc_security_group_ids": [
              "sg-9d4340ad"
            ]
          },
          "sensitive_attributes": [],
          "private": "eyJlMmJmYjczMC1lY2FhLTExZTYtOGY4OC0zNDM2M2JjN2M0YzAiOnsiY3JlYXRlIjo0NTAwMDAwMDAwMDAwLCJkZWxldGUiOjI0MDAwMDAwMDAwMDAsInVwZGF0ZSI6NDUwMDAwMDAwMDAwMH19"
        }
      ]
    }
  ]
}
